// !$*UTF8*$!
{
	archiveVersion = 1;
	classes = {
	};
	objectVersion = 50;
	objects = {

/* Begin PBXBuildFile section */
		60901E1A2480E533006E89BE /* AppDelegate.swift in Sources */ = {isa = PBXBuildFile; fileRef = 60901E192480E533006E89BE /* AppDelegate.swift */; };
		60901E1C2480E533006E89BE /* SceneDelegate.swift in Sources */ = {isa = PBXBuildFile; fileRef = 60901E1B2480E533006E89BE /* SceneDelegate.swift */; };
		60901E212480E533006E89BE /* Main.storyboard in Resources */ = {isa = PBXBuildFile; fileRef = 60901E1F2480E533006E89BE /* Main.storyboard */; };
		60901E232480E534006E89BE /* Assets.xcassets in Resources */ = {isa = PBXBuildFile; fileRef = 60901E222480E534006E89BE /* Assets.xcassets */; };
		60901E262480E534006E89BE /* LaunchScreen.storyboard in Resources */ = {isa = PBXBuildFile; fileRef = 60901E242480E534006E89BE /* LaunchScreen.storyboard */; };
		60901E2F2480F360006E89BE /* BorderButton.swift in Sources */ = {isa = PBXBuildFile; fileRef = 60901E2E2480F360006E89BE /* BorderButton.swift */; };
		60901E332480FE67006E89BE /* LeagueVC.swift in Sources */ = {isa = PBXBuildFile; fileRef = 60901E322480FE67006E89BE /* LeagueVC.swift */; };
		60901E352480FE87006E89BE /* SkillVC.swift in Sources */ = {isa = PBXBuildFile; fileRef = 60901E342480FE87006E89BE /* SkillVC.swift */; };
		60901E37248100AC006E89BE /* WelcomeVC.swift in Sources */ = {isa = PBXBuildFile; fileRef = 60901E36248100AC006E89BE /* WelcomeVC.swift */; };
		60C8151E2481257F00F6A6DC /* Player.swift in Sources */ = {isa = PBXBuildFile; fileRef = 60C8151D2481257F00F6A6DC /* Player.swift */; };
/* End PBXBuildFile section */

/* Begin PBXFileReference section */
		60901E162480E533006E89BE /* app-swoosh.app */ = {isa = PBXFileReference; explicitFileType = wrapper.application; includeInIndex = 0; path = "app-swoosh.app"; sourceTree = BUILT_PRODUCTS_DIR; };
		60901E192480E533006E89BE /* AppDelegate.swift */ = {isa = PBXFileReference; lastKnownFileType = sourcecode.swift; path = AppDelegate.swift; sourceTree = "<group>"; };
		60901E1B2480E533006E89BE /* SceneDelegate.swift */ = {isa = PBXFileReference; lastKnownFileType = sourcecode.swift; path = SceneDelegate.swift; sourceTree = "<group>"; };
		60901E202480E533006E89BE /* Base */ = {isa = PBXFileReference; lastKnownFileType = file.storyboard; name = Base; path = Base.lproj/Main.storyboard; sourceTree = "<group>"; };
		60901E222480E534006E89BE /* Assets.xcassets */ = {isa = PBXFileReference; lastKnownFileType = folder.assetcatalog; path = Assets.xcassets; sourceTree = "<group>"; };
		60901E252480E534006E89BE /* Base */ = {isa = PBXFileReference; lastKnownFileType = file.storyboard; name = Base; path = Base.lproj/LaunchScreen.storyboard; sourceTree = "<group>"; };
		60901E272480E534006E89BE /* Info.plist */ = {isa = PBXFileReference; lastKnownFileType = text.plist.xml; path = Info.plist; sourceTree = "<group>"; };
		60901E2E2480F360006E89BE /* BorderButton.swift */ = {isa = PBXFileReference; lastKnownFileType = sourcecode.swift; path = BorderButton.swift; sourceTree = "<group>"; };
		60901E322480FE67006E89BE /* LeagueVC.swift */ = {isa = PBXFileReference; lastKnownFileType = sourcecode.swift; path = LeagueVC.swift; sourceTree = "<group>"; };
		60901E342480FE87006E89BE /* SkillVC.swift */ = {isa = PBXFileReference; lastKnownFileType = sourcecode.swift; path = SkillVC.swift; sourceTree = "<group>"; };
		60901E36248100AC006E89BE /* WelcomeVC.swift */ = {isa = PBXFileReference; lastKnownFileType = sourcecode.swift; path = WelcomeVC.swift; sourceTree = "<group>"; };
		60C8151D2481257F00F6A6DC /* Player.swift */ = {isa = PBXFileReference; lastKnownFileType = sourcecode.swift; path = Player.swift; sourceTree = "<group>"; };
/* End PBXFileReference section */

/* Begin PBXFrameworksBuildPhase section */
		60901E132480E533006E89BE /* Frameworks */ = {
			isa = PBXFrameworksBuildPhase;
			buildActionMask = 2147483647;
			files = (
			);
			runOnlyForDeploymentPostprocessing = 0;
		};
/* End PBXFrameworksBuildPhase section */

/* Begin PBXGroup section */
		60901E0D2480E533006E89BE = {
			isa = PBXGroup;
			children = (
				60901E182480E533006E89BE /* app-swoosh */,
				60901E172480E533006E89BE /* Products */,
			);
			sourceTree = "<group>";
		};
		60901E172480E533006E89BE /* Products */ = {
			isa = PBXGroup;
			children = (
				60901E162480E533006E89BE /* app-swoosh.app */,
			);
			name = Products;
			sourceTree = "<group>";
		};
		60901E182480E533006E89BE /* app-swoosh */ = {
			isa = PBXGroup;
			children = (
				60901E302480FB21006E89BE /* Model */,
				60901E2D2480F32E006E89BE /* View */,
				60901E312480FB2C006E89BE /* Controller */,
				60901E192480E533006E89BE /* AppDelegate.swift */,
				60901E1B2480E533006E89BE /* SceneDelegate.swift */,
				60901E1F2480E533006E89BE /* Main.storyboard */,
				60901E222480E534006E89BE /* Assets.xcassets */,
				60901E242480E534006E89BE /* LaunchScreen.storyboard */,
				60901E272480E534006E89BE /* Info.plist */,
			);
			path = "app-swoosh";
			sourceTree = "<group>";
		};
		60901E2D2480F32E006E89BE /* View */ = {
			isa = PBXGroup;
			children = (
				60901E2E2480F360006E89BE /* BorderButton.swift */,
			);
			path = View;
			sourceTree = "<group>";
		};
		60901E302480FB21006E89BE /* Model */ = {
			isa = PBXGroup;
			children = (
				60C8151D2481257F00F6A6DC /* Player.swift */,
			);
			path = Model;
			sourceTree = "<group>";
		};
		60901E312480FB2C006E89BE /* Controller */ = {
			isa = PBXGroup;
			children = (
				60901E36248100AC006E89BE /* WelcomeVC.swift */,
				60901E322480FE67006E89BE /* LeagueVC.swift */,
				60901E342480FE87006E89BE /* SkillVC.swift */,
			);
			path = Controller;
			sourceTree = "<group>";
		};
/* End PBXGroup section */

/* Begin PBXNativeTarget section */
		60901E152480E533006E89BE /* app-swoosh */ = {
			isa = PBXNativeTarget;
			buildConfigurationList = 60901E2A2480E534006E89BE /* Build configuration list for PBXNativeTarget "app-swoosh" */;
			buildPhases = (
				60901E122480E533006E89BE /* Sources */,
				60901E132480E533006E89BE /* Frameworks */,
				60901E142480E533006E89BE /* Resources */,
			);
			buildRules = (
			);
			dependencies = (
			);
			name = "app-swoosh";
			productName = "app-swoosh";
			productReference = 60901E162480E533006E89BE /* app-swoosh.app */;
			productType = "com.apple.product-type.application";
		};
/* End PBXNativeTarget section */

/* Begin PBXProject section */
		60901E0E2480E533006E89BE /* Project object */ = {
			isa = PBXProject;
			attributes = {
				LastSwiftUpdateCheck = 1140;
				LastUpgradeCheck = 1140;
				ORGANIZATIONNAME = Muhaimin;
				TargetAttributes = {
					60901E152480E533006E89BE = {
						CreatedOnToolsVersion = 11.4.1;
					};
				};
			};
			buildConfigurationList = 60901E112480E533006E89BE /* Build configuration list for PBXProject "app-swoosh" */;
			compatibilityVersion = "Xcode 9.3";
			developmentRegion = en;
			hasScannedForEncodings = 0;
			knownRegions = (
				en,
				Base,
			);
			mainGroup = 60901E0D2480E533006E89BE;
			productRefGroup = 60901E172480E533006E89BE /* Products */;
			projectDirPath = "";
			projectRoot = "";
			targets = (
				60901E152480E533006E89BE /* app-swoosh */,
			);
		};
/* End PBXProject section */

/* Begin PBXResourcesBuildPhase section */
		60901E142480E533006E89BE /* Resources */ = {
			isa = PBXResourcesBuildPhase;
			buildActionMask = 2147483647;
			files = (
				60901E262480E534006E89BE /* LaunchScreen.storyboard in Resources */,
				60901E232480E534006E89BE /* Assets.xcassets in Resources */,
				60901E212480E533006E89BE /* Main.storyboard in Resources */,
			);
			runOnlyForDeploymentPostprocessing = 0;
		};
/* End PBXResourcesBuildPhase section */

/* Begin PBXSourcesBuildPhase section */
		60901E122480E533006E89BE /* Sources */ = {
			isa = PBXSourcesBuildPhase;
			buildActionMask = 2147483647;
			files = (
				60901E332480FE67006E89BE /* LeagueVC.swift in Sources */,
				60901E1A2480E533006E89BE /* AppDelegate.swift in Sources */,
				60901E1C2480E533006E89BE /* SceneDelegate.swift in Sources */,
				60901E37248100AC006E89BE /* WelcomeVC.swift in Sources */,
				60C8151E2481257F00F6A6DC /* Player.swift in Sources */,
				60901E352480FE87006E89BE /* SkillVC.swift in Sources */,
				60901E2F2480F360006E89BE /* BorderButton.swift in Sources */,
			);
			runOnlyForDeploymentPostprocessing = 0;
		};
/* End PBXSourcesBuildPhase section */

/* Begin PBXVariantGroup section */
		60901E1F2480E533006E89BE /* Main.storyboard */ = {
			isa = PBXVariantGroup;
			children = (
				60901E202480E533006E89BE /* Base */,
			);
			name = Main.storyboard;
			sourceTree = "<group>";
		};
		60901E242480E534006E89BE /* LaunchScreen.storyboard */ = {
			isa = PBXVariantGroup;
			children = (
				60901E252480E534006E89BE /* Base */,
			);
			name = LaunchScreen.storyboard;
			sourceTree = "<group>";
		};
/* End PBXVariantGroup section */

/* Begin XCBuildConfiguration section */
		60901E282480E534006E89BE /* Debug */ = {
			isa = XCBuildConfiguration;
			buildSettings = {
				ALWAYS_SEARCH_USER_PATHS = NO;
				CLANG_ANALYZER_NONNULL = YES;
				CLANG_ANALYZER_NUMBER_OBJECT_CONVERSION = YES_AGGRESSIVE;
				CLANG_CXX_LANGUAGE_STANDARD = "gnu++14";
				CLANG_CXX_LIBRARY = "libc++";
				CLANG_ENABLE_MODULES = YES;
				CLANG_ENABLE_OBJC_ARC = YES;
				CLANG_ENABLE_OBJC_WEAK = YES;
				CLANG_WARN_BLOCK_CAPTURE_AUTORELEASING = YES;
				CLANG_WARN_BOOL_CONVERSION = YES;
				CLANG_WARN_COMMA = YES;
				CLANG_WARN_CONSTANT_CONVERSION = YES;
				CLANG_WARN_DEPRECATED_OBJC_IMPLEMENTATIONS = YES;
				CLANG_WARN_DIRECT_OBJC_ISA_USAGE = YES_ERROR;
				CLANG_WARN_DOCUMENTATION_COMMENTS = YES;
				CLANG_WARN_EMPTY_BODY = YES;
				CLANG_WARN_ENUM_CONVERSION = YES;
				CLANG_WARN_INFINITE_RECURSION = YES;
				CLANG_WARN_INT_CONVERSION = YES;
				CLANG_WARN_NON_LITERAL_NULL_CONVERSION = YES;
				CLANG_WARN_OBJC_IMPLICIT_RETAIN_SELF = YES;
				CLANG_WARN_OBJC_LITERAL_CONVERSION = YES;
				CLANG_WARN_OBJC_ROOT_CLASS = YES_ERROR;
				CLANG_WARN_RANGE_LOOP_ANALYSIS = YES;
				CLANG_WARN_STRICT_PROTOTYPES = YES;
				CLANG_WARN_SUSPICIOUS_MOVE = YES;
				CLANG_WARN_UNGUARDED_AVAILABILITY = YES_AGGRESSIVE;
				CLANG_WARN_UNREACHABLE_CODE = YES;
				CLANG_WARN__DUPLICATE_METHOD_MATCH = YES;
				COPY_PHASE_STRIP = NO;
				DEBUG_INFORMATION_FORMAT = dwarf;
				ENABLE_STRICT_OBJC_MSGSEND = YES;
				ENABLE_TESTABILITY = YES;
				GCC_C_LANGUAGE_STANDARD = gnu11;
				GCC_DYNAMIC_NO_PIC = NO;
				GCC_NO_COMMON_BLOCKS = YES;
				GCC_OPTIMIZATION_LEVEL = 0;
				GCC_PREPROCESSOR_DEFINITIONS = (
					"DEBUG=1",
					"$(inherited)",
				);
				GCC_WARN_64_TO_32_BIT_CONVERSION = YES;
				GCC_WARN_ABOUT_RETURN_TYPE = YES_ERROR;
				GCC_WARN_UNDECLARED_SELECTOR = YES;
				GCC_WARN_UNINITIALIZED_AUTOS = YES_AGGRESSIVE;
				GCC_WARN_UNUSED_FUNCTION = YES;
				GCC_WARN_UNUSED_VARIABLE = YES;
				IPHONEOS_DEPLOYMENT_TARGET = 13.4;
				MTL_ENABLE_DEBUG_INFO = INCLUDE_SOURCE;
				MTL_FAST_MATH = YES;
				ONLY_ACTIVE_ARCH = YES;
				SDKROOT = iphoneos;
				SWIFT_ACTIVE_COMPILATION_CONDITIONS = DEBUG;
				SWIFT_OPTIMIZATION_LEVEL = "-Onone";
			};
			name = Debug;
		};
		60901E292480E534006E89BE /* Release */ = {
			isa = XCBuildConfiguration;
			buildSettings = {
				ALWAYS_SEARCH_USER_PATHS = NO;
				CLANG_ANALYZER_NONNULL = YES;
				CLANG_ANALYZER_NUMBER_OBJECT_CONVERSION = YES_AGGRESSIVE;
				CLANG_CXX_LANGUAGE_STANDARD = "gnu++14";
				CLANG_CXX_LIBRARY = "libc++";
				CLANG_ENABLE_MODULES = YES;
				CLANG_ENABLE_OBJC_ARC = YES;
				CLANG_ENABLE_OBJC_WEAK = YES;
				CLANG_WARN_BLOCK_CAPTURE_AUTORELEASING = YES;
				CLANG_WARN_BOOL_CONVERSION = YES;
				CLANG_WARN_COMMA = YES;
				CLANG_WARN_CONSTANT_CONVERSION = YES;
				CLANG_WARN_DEPRECATED_OBJC_IMPLEMENTATIONS = YES;
				CLANG_WARN_DIRECT_OBJC_ISA_USAGE = YES_ERROR;
				CLANG_WARN_DOCUMENTATION_COMMENTS = YES;
				CLANG_WARN_EMPTY_BODY = YES;
				CLANG_WARN_ENUM_CONVERSION = YES;
				CLANG_WARN_INFINITE_RECURSION = YES;
				CLANG_WARN_INT_CONVERSION = YES;
				CLANG_WARN_NON_LITERAL_NULL_CONVERSION = YES;
				CLANG_WARN_OBJC_IMPLICIT_RETAIN_SELF = YES;
				CLANG_WARN_OBJC_LITERAL_CONVERSION = YES;
				CLANG_WARN_OBJC_ROOT_CLASS = YES_ERROR;
				CLANG_WARN_RANGE_LOOP_ANALYSIS = YES;
				CLANG_WARN_STRICT_PROTOTYPES = YES;
				CLANG_WARN_SUSPICIOUS_MOVE = YES;
				CLANG_WARN_UNGUARDED_AVAILABILITY = YES_AGGRESSIVE;
				CLANG_WARN_UNREACHABLE_CODE = YES;
				CLANG_WARN__DUPLICATE_METHOD_MATCH = YES;
				COPY_PHASE_STRIP = NO;
				DEBUG_INFORMATION_FORMAT = "dwarf-with-dsym";
				ENABLE_NS_ASSERTIONS = NO;
				ENABLE_STRICT_OBJC_MSGSEND = YES;
				GCC_C_LANGUAGE_STANDARD = gnu11;
				GCC_NO_COMMON_BLOCKS = YES;
				GCC_WARN_64_TO_32_BIT_CONVERSION = YES;
				GCC_WARN_ABOUT_RETURN_TYPE = YES_ERROR;
				GCC_WARN_UNDECLARED_SELECTOR = YES;
				GCC_WARN_UNINITIALIZED_AUTOS = YES_AGGRESSIVE;
				GCC_WARN_UNUSED_FUNCTION = YES;
				GCC_WARN_UNUSED_VARIABLE = YES;
				IPHONEOS_DEPLOYMENT_TARGET = 13.4;
				MTL_ENABLE_DEBUG_INFO = NO;
				MTL_FAST_MATH = YES;
				SDKROOT = iphoneos;
				SWIFT_COMPILATION_MODE = wholemodule;
				SWIFT_OPTIMIZATION_LEVEL = "-O";
				VALIDATE_PRODUCT = YES;
			};
			name = Release;
		};
		60901E2B2480E534006E89BE /* Debug */ = {
			isa = XCBuildConfiguration;
			buildSettings = {
				ASSETCATALOG_COMPILER_APPICON_NAME = AppIcon;
				CODE_SIGN_STYLE = Automatic;
				DEVELOPMENT_TEAM = MCT9J8W659;
				INFOPLIST_FILE = "app-swoosh/Info.plist";
				LD_RUNPATH_SEARCH_PATHS = (
					"$(inherited)",
					"@executable_path/Frameworks",
				);
				PRODUCT_BUNDLE_IDENTIFIER = "com.muhaimin.app-swoosh";
				PRODUCT_NAME = "$(TARGET_NAME)";
				SWIFT_VERSION = 5.0;
				TARGETED_DEVICE_FAMILY = "1,2";
			};
			name = Debug;
		};
		60901E2C2480E534006E89BE /* Release */ = {
			isa = XCBuildConfiguration;
			buildSettings = {
				ASSETCATALOG_COMPILER_APPICON_NAME = AppIcon;
				CODE_SIGN_STYLE = Automatic;
				DEVELOPMENT_TEAM = MCT9J8W659;
				INFOPLIST_FILE = "app-swoosh/Info.plist";
				LD_RUNPATH_SEARCH_PATHS = (
					"$(inherited)",
					"@executable_path/Frameworks",
				);
				PRODUCT_BUNDLE_IDENTIFIER = "com.muhaimin.app-swoosh";
				PRODUCT_NAME = "$(TARGET_NAME)";
				SWIFT_VERSION = 5.0;
				TARGETED_DEVICE_FAMILY = "1,2";
			};
			name = Release;
		};
/* End XCBuildConfiguration section */

/* Begin XCConfigurationList section */
		60901E112480E533006E89BE /* Build configuration list for PBXProject "app-swoosh" */ = {
			isa = XCConfigurationList;
			buildConfigurations = (
				60901E282480E534006E89BE /* Debug */,
				60901E292480E534006E89BE /* Release */,
			);
			defaultConfigurationIsVisible = 0;
			defaultConfigurationName = Release;
		};
		60901E2A2480E534006E89BE /* Build configuration list for PBXNativeTarget "app-swoosh" */ = {
			isa = XCConfigurationList;
			buildConfigurations = (
				60901E2B2480E534006E89BE /* Debug */,
				60901E2C2480E534006E89BE /* Release */,
			);
			defaultConfigurationIsVisible = 0;
			defaultConfigurationName = Release;
		};
/* End XCConfigurationList section */
	};
	rootObject = 60901E0E2480E533006E89BE /* Project object */;
}
